<?xml version="1.0" encoding="utf-8"?>
<Project ToolsVersion="4.0" xmlns="http://schemas.microsoft.com/developer/msbuild/2003">
  <ItemGroup>
    <ClCompile Include="AddExponentialNoise.cpp" />
    <ClCompile Include="AddGaussianNoise.cpp" />
    <ClCompile Include="AddOperation.cpp" />
    <ClCompile Include="AddRayleighNoise.cpp" />
    <ClCompile Include="AddUniformNoise.cpp" />
    <ClCompile Include="BackDiagonalEdgeDetectionOperation.cpp" />
    <ClCompile Include="BackDiagonalLineSharpeningOperation.cpp" />
    <ClCompile Include="BilinearResizeOperation.cpp" />
    <ClCompile Include="BinarizationOperation.cpp" />
    <ClCompile Include="BrightnessOperation.cpp" />
    <ClCompile Include="ColorExtractionOperation.cpp" />
    <ClCompile Include="ContrastOperation.cpp" />
    <ClCompile Include="CustomMaskOperation.cpp" />
    <ClCompile Include="DialationOperation.cpp" />
    <ClCompile Include="ErosionOperation.cpp" />
    <ClCompile Include="FrontDiagonalEdgeDetectionOperation.cpp" />
    <ClCompile Include="FrontDiagonalLineSharpeningOperation.cpp" />
    <ClCompile Include="GammaAdjustmentOperation.cpp" />
    <ClCompile Include="GaussianFilter1DOperation.cpp" />
    <ClCompile Include="GaussianFilter2DOperation.cpp" />
    <ClCompile Include="GrayOperation.cpp" />
    <ClCompile Include="HistogramCalculator.cpp" />
    <ClCompile Include="HistogramEqualizationOperation.cpp" />
    <ClCompile Include="HistogramMatchingOperation.cpp" />
    <ClCompile Include="HorizontalEdgeDetectionOperation.cpp" />
    <ClCompile Include="HorizontalFlipOperation.cpp" />
    <ClCompile Include="HorizontalLineSharpeningOperation.cpp" />
    <ClCompile Include="LaplacianEdgeDetectionOperation.cpp" />
    <ClCompile Include="LaplacianPointEdgeDetectionOperation.cpp" />
    <ClCompile Include="LaplacianPointSharpeningOperation.cpp" />
    <ClCompile Include="MatlabOperations.cpp" />
    <ClCompile Include="NoiseHelperFunctions.cpp" />
    <ClCompile Include="SaltandPepperNoiseAdditionOperation.cpp" />
    <ClCompile Include="SubtractOperation.cpp" />
    <ClCompile Include="VerticalEdgeDetectionOperation.cpp" />
    <ClCompile Include="VerticalLineSharpeningOperation.cpp" />
    <ClCompile Include="HorizontalShearOperation.cpp" />
    <ClCompile Include="InverseOperation.cpp" />
    <ClCompile Include="MeanFilter1DOperation.cpp" />
    <ClCompile Include="MeanFilter2DOperation.cpp" />
    <ClCompile Include="NearestNeighbourResizeOperation.cpp" />
    <ClCompile Include="PixelationOperation.cpp" />
    <ClCompile Include="QuantizationOperation.cpp" />
    <ClCompile Include="TranslationOperation.cpp" />
    <ClCompile Include="VerticalFlipOperation.cpp" />
    <ClCompile Include="VerticalShearOperation.cpp" />
    <ClCompile Include="RemoveMinFilter.cpp" />
    <ClCompile Include="RemoveMaxFilter.cpp" />
    <ClCompile Include="RemoveGeometricMeanFilter.cpp" />
    <ClCompile Include="RemoveMidpointFilter.cpp" />
    <ClCompile Include="RemoveMedianFilter.cpp" />
    <ClCompile Include="RemoveAdaptiveMedianFilter.cpp" />
  </ItemGroup>
  <ItemGroup>
    <ClInclude Include="ConvolutionHelpers.h" />
    <ClInclude Include="ImageData.h" />
    <ClInclude Include="LaplacianSharpeningOperation.cpp" />
    <ClInclude Include="NoiseHelperFunctions.h" />
  </ItemGroup>
</Project>