
Microsoft Visual Studio Solution File, Format Version 11.00
# Visual Studio 2010
Project("{FAE04EC0-301F-11D3-BF4B-00C04F79EFBC}") = "IntergalacticCore", "IntergalacticCore\IntergalacticCore.csproj", "{F0D4C8D0-C82C-463D-A174-2D6FF20C1B3C}"
EndProject
Project("{FAE04EC0-301F-11D3-BF4B-00C04F79EFBC}") = "IntergalacticUI", "IntergalacticUI\IntergalacticUI.csproj", "{36372673-8342-4103-B182-59992BB2F7E6}"
EndProject
Project("{FAE04EC0-301F-11D3-BF4B-00C04F79EFBC}") = "IntergalacticControls", "IntergalacticControls\IntergalacticControls.csproj", "{36F29B2D-5011-4120-8A85-7BEC17456BF0}"
EndProject
Global
	GlobalSection(SubversionScc) = preSolution
		Svn-Managed = True
		Manager = AnkhSVN - Subversion Support for Visual Studio
	EndGlobalSection
	GlobalSection(SolutionConfigurationPlatforms) = preSolution
		Debug|Any CPU = Debug|Any CPU
		Debug|Mixed Platforms = Debug|Mixed Platforms
		Debug|x86 = Debug|x86
		Release|Any CPU = Release|Any CPU
		Release|Mixed Platforms = Release|Mixed Platforms
		Release|x86 = Release|x86
	EndGlobalSection
	GlobalSection(ProjectConfigurationPlatforms) = postSolution
		{F0D4C8D0-C82C-463D-A174-2D6FF20C1B3C}.Debug|Any CPU.ActiveCfg = Debug|Any CPU
		{F0D4C8D0-C82C-463D-A174-2D6FF20C1B3C}.Debug|Any CPU.Build.0 = Debug|Any CPU
		{F0D4C8D0-C82C-463D-A174-2D6FF20C1B3C}.Debug|Mixed Platforms.ActiveCfg = Debug|Any CPU
		{F0D4C8D0-C82C-463D-A174-2D6FF20C1B3C}.Debug|Mixed Platforms.Build.0 = Debug|Any CPU
		{F0D4C8D0-C82C-463D-A174-2D6FF20C1B3C}.Debug|x86.ActiveCfg = Debug|Any CPU
		{F0D4C8D0-C82C-463D-A174-2D6FF20C1B3C}.Release|Any CPU.ActiveCfg = Release|Any CPU
		{F0D4C8D0-C82C-463D-A174-2D6FF20C1B3C}.Release|Any CPU.Build.0 = Release|Any CPU
		{F0D4C8D0-C82C-463D-A174-2D6FF20C1B3C}.Release|Mixed Platforms.ActiveCfg = Release|Any CPU
		{F0D4C8D0-C82C-463D-A174-2D6FF20C1B3C}.Release|Mixed Platforms.Build.0 = Release|Any CPU
		{F0D4C8D0-C82C-463D-A174-2D6FF20C1B3C}.Release|x86.ActiveCfg = Release|Any CPU
		{36372673-8342-4103-B182-59992BB2F7E6}.Debug|Any CPU.ActiveCfg = Debug|x86
		{36372673-8342-4103-B182-59992BB2F7E6}.Debug|Mixed Platforms.ActiveCfg = Debug|x86
		{36372673-8342-4103-B182-59992BB2F7E6}.Debug|Mixed Platforms.Build.0 = Debug|x86
		{36372673-8342-4103-B182-59992BB2F7E6}.Debug|x86.ActiveCfg = Debug|x86
		{36372673-8342-4103-B182-59992BB2F7E6}.Debug|x86.Build.0 = Debug|x86
		{36372673-8342-4103-B182-59992BB2F7E6}.Release|Any CPU.ActiveCfg = Release|x86
		{36372673-8342-4103-B182-59992BB2F7E6}.Release|Mixed Platforms.ActiveCfg = Release|x86
		{36372673-8342-4103-B182-59992BB2F7E6}.Release|Mixed Platforms.Build.0 = Release|x86
		{36372673-8342-4103-B182-59992BB2F7E6}.Release|x86.ActiveCfg = Release|x86
		{36372673-8342-4103-B182-59992BB2F7E6}.Release|x86.Build.0 = Release|x86
		{36F29B2D-5011-4120-8A85-7BEC17456BF0}.Debug|Any CPU.ActiveCfg = Debug|x86
		{36F29B2D-5011-4120-8A85-7BEC17456BF0}.Debug|Mixed Platforms.ActiveCfg = Debug|x86
		{36F29B2D-5011-4120-8A85-7BEC17456BF0}.Debug|Mixed Platforms.Build.0 = Debug|x86
		{36F29B2D-5011-4120-8A85-7BEC17456BF0}.Debug|x86.ActiveCfg = Debug|x86
		{36F29B2D-5011-4120-8A85-7BEC17456BF0}.Debug|x86.Build.0 = Debug|x86
		{36F29B2D-5011-4120-8A85-7BEC17456BF0}.Release|Any CPU.ActiveCfg = Release|x86
		{36F29B2D-5011-4120-8A85-7BEC17456BF0}.Release|Mixed Platforms.ActiveCfg = Release|x86
		{36F29B2D-5011-4120-8A85-7BEC17456BF0}.Release|Mixed Platforms.Build.0 = Release|x86
		{36F29B2D-5011-4120-8A85-7BEC17456BF0}.Release|x86.ActiveCfg = Release|x86
		{36F29B2D-5011-4120-8A85-7BEC17456BF0}.Release|x86.Build.0 = Release|x86
	EndGlobalSection
	GlobalSection(SolutionProperties) = preSolution
		HideSolutionNode = FALSE
	EndGlobalSection
EndGlobal
